
Microsoft Visual Studio Solution File, Format Version 12.00
# Visual Studio Version 17
VisualStudioVersion = 17.1.32421.90
MinimumVisualStudioVersion = 10.0.40219.1
Project("{FAE04EC0-301F-11D3-BF4B-00C04F79EFBC}") = "server", "server\server.csproj", "{7927382E-AA38-4892-896D-FC49BDE731CF}"
EndProject
Global
	GlobalSection(SolutionConfigurationPlatforms) = preSolution
		Debug|Any CPU = Debug|Any CPU
		Release|Any CPU = Release|Any CPU
	EndGlobalSection
	GlobalSection(ProjectConfigurationPlatforms) = postSolution
		{7927382E-AA38-4892-896D-FC49BDE731CF}.Debug|Any CPU.ActiveCfg = Debug|Any CPU
		{7927382E-AA38-4892-896D-FC49BDE731CF}.Debug|Any CPU.Build.0 = Debug|Any CPU
		{7927382E-AA38-4892-896D-FC49BDE731CF}.Release|Any CPU.ActiveCfg = Release|Any CPU
		{7927382E-AA38-4892-896D-FC49BDE731CF}.Release|Any CPU.Build.0 = Release|Any CPU
	EndGlobalSection
	GlobalSection(SolutionProperties) = preSolution
		HideSolutionNode = FALSE
	EndGlobalSection
	GlobalSection(ExtensibilityGlobals) = postSolution
		SolutionGuid = {C8DDC57D-1252-4CC4-A5E4-56A858E5CF35}
	EndGlobalSection
EndGlobal
